version = 1
revision = 2
requires-python = ">=3.11"

[[package]]
name = "isort"
version = "6.0.1"
source = { registry = "https://pypi.org/simple" }
sdist = { url = "https://files.pythonhosted.org/packages/b8/21/1e2a441f74a653a144224d7d21afe8f4169e6c7c20bb13aec3a2dc3815e0/isort-6.0.1.tar.gz", hash = "sha256:1cb5df28dfbc742e490c5e41bad6da41b805b0a8be7bc93cd0fb2a8a890ac450", size = 821955, upload-time = "2025-02-26T21:13:16.955Z" }
wheels = [
    { url = "https://files.pythonhosted.org/packages/c1/11/114d0a5f4dabbdcedc1125dee0888514c3c3b16d3e9facad87ed96fad97c/isort-6.0.1-py3-none-any.whl", hash = "sha256:2dc5d7f65c9678d94c88dfc29161a320eec67328bc97aad576874cb4be1e9615", size = 94186, upload-time = "2025-02-26T21:13:14.911Z" },
]

[[package]]
name = "leetcode"
version = "0.0.1"
source = { virtual = "." }
dependencies = [
    { name = "isort" },
    { name = "mypy" },
    { name = "ruff" },
]

[package.metadata]
requires-dist = [
    { name = "isort", specifier = ">=6.0.1" },
    { name = "mypy", specifier = ">=1.16.1" },
    { name = "ruff", specifier = ">=0.12.3" },
]

[[package]]
name = "mypy"
version = "1.16.1"
source = { registry = "https://pypi.org/simple" }
dependencies = [
    { name = "mypy-extensions" },
    { name = "pathspec" },
    { name = "typing-extensions" },
]
sdist = { url = "https://files.pythonhosted.org/packages/81/69/92c7fa98112e4d9eb075a239caa4ef4649ad7d441545ccffbd5e34607cbb/mypy-1.16.1.tar.gz", hash = "sha256:6bd00a0a2094841c5e47e7374bb42b83d64c527a502e3334e1173a0c24437bab", size = 3324747, upload-time = "2025-06-16T16:51:35.145Z" }
wheels = [
    { url = "https://files.pythonhosted.org/packages/9a/61/ec1245aa1c325cb7a6c0f8570a2eee3bfc40fa90d19b1267f8e50b5c8645/mypy-1.16.1-cp311-cp311-macosx_10_9_x86_64.whl", hash = "sha256:472e4e4c100062488ec643f6162dd0d5208e33e2f34544e1fc931372e806c0cc", size = 10890557, upload-time = "2025-06-16T16:37:21.421Z" },
    { url = "https://files.pythonhosted.org/packages/6b/bb/6eccc0ba0aa0c7a87df24e73f0ad34170514abd8162eb0c75fd7128171fb/mypy-1.16.1-cp311-cp311-macosx_11_0_arm64.whl", hash = "sha256:ea16e2a7d2714277e349e24d19a782a663a34ed60864006e8585db08f8ad1782", size = 10012921, upload-time = "2025-06-16T16:51:28.659Z" },
    { url = "https://files.pythonhosted.org/packages/5f/80/b337a12e2006715f99f529e732c5f6a8c143bb58c92bb142d5ab380963a5/mypy-1.16.1-cp311-cp311-manylinux_2_17_aarch64.manylinux2014_aarch64.manylinux_2_28_aarch64.whl", hash = "sha256:08e850ea22adc4d8a4014651575567b0318ede51e8e9fe7a68f25391af699507", size = 11802887, upload-time = "2025-06-16T16:50:53.627Z" },
    { url = "https://files.pythonhosted.org/packages/d9/59/f7af072d09793d581a745a25737c7c0a945760036b16aeb620f658a017af/mypy-1.16.1-cp311-cp311-manylinux_2_17_x86_64.manylinux2014_x86_64.manylinux_2_28_x86_64.whl", hash = "sha256:22d76a63a42619bfb90122889b903519149879ddbf2ba4251834727944c8baca", size = 12531658, upload-time = "2025-06-16T16:33:55.002Z" },
    { url = "https://files.pythonhosted.org/packages/82/c4/607672f2d6c0254b94a646cfc45ad589dd71b04aa1f3d642b840f7cce06c/mypy-1.16.1-cp311-cp311-musllinux_1_2_x86_64.whl", hash = "sha256:2c7ce0662b6b9dc8f4ed86eb7a5d505ee3298c04b40ec13b30e572c0e5ae17c4", size = 12732486, upload-time = "2025-06-16T16:37:03.301Z" },
    { url = "https://files.pythonhosted.org/packages/b6/5e/136555ec1d80df877a707cebf9081bd3a9f397dedc1ab9750518d87489ec/mypy-1.16.1-cp311-cp311-win_amd64.whl", hash = "sha256:211287e98e05352a2e1d4e8759c5490925a7c784ddc84207f4714822f8cf99b6", size = 9479482, upload-time = "2025-06-16T16:47:37.48Z" },
    { url = "https://files.pythonhosted.org/packages/b4/d6/39482e5fcc724c15bf6280ff5806548c7185e0c090712a3736ed4d07e8b7/mypy-1.16.1-cp312-cp312-macosx_10_13_x86_64.whl", hash = "sha256:af4792433f09575d9eeca5c63d7d90ca4aeceda9d8355e136f80f8967639183d", size = 11066493, upload-time = "2025-06-16T16:47:01.683Z" },
    { url = "https://files.pythonhosted.org/packages/e6/e5/26c347890efc6b757f4d5bb83f4a0cf5958b8cf49c938ac99b8b72b420a6/mypy-1.16.1-cp312-cp312-macosx_11_0_arm64.whl", hash = "sha256:66df38405fd8466ce3517eda1f6640611a0b8e70895e2a9462d1d4323c5eb4b9", size = 10081687, upload-time = "2025-06-16T16:48:19.367Z" },
    { url = "https://files.pythonhosted.org/packages/44/c7/b5cb264c97b86914487d6a24bd8688c0172e37ec0f43e93b9691cae9468b/mypy-1.16.1-cp312-cp312-manylinux_2_17_aarch64.manylinux2014_aarch64.manylinux_2_28_aarch64.whl", hash = "sha256:44e7acddb3c48bd2713994d098729494117803616e116032af192871aed80b79", size = 11839723, upload-time = "2025-06-16T16:49:20.912Z" },
    { url = "https://files.pythonhosted.org/packages/15/f8/491997a9b8a554204f834ed4816bda813aefda31cf873bb099deee3c9a99/mypy-1.16.1-cp312-cp312-manylinux_2_17_x86_64.manylinux2014_x86_64.manylinux_2_28_x86_64.whl", hash = "sha256:0ab5eca37b50188163fa7c1b73c685ac66c4e9bdee4a85c9adac0e91d8895e15", size = 12722980, upload-time = "2025-06-16T16:37:40.929Z" },
    { url = "https://files.pythonhosted.org/packages/df/f0/2bd41e174b5fd93bc9de9a28e4fb673113633b8a7f3a607fa4a73595e468/mypy-1.16.1-cp312-cp312-musllinux_1_2_x86_64.whl", hash = "sha256:dedb6229b2c9086247e21a83c309754b9058b438704ad2f6807f0d8227f6ebdd", size = 12903328, upload-time = "2025-06-16T16:34:35.099Z" },
    { url = "https://files.pythonhosted.org/packages/61/81/5572108a7bec2c46b8aff7e9b524f371fe6ab5efb534d38d6b37b5490da8/mypy-1.16.1-cp312-cp312-win_amd64.whl", hash = "sha256:1f0435cf920e287ff68af3d10a118a73f212deb2ce087619eb4e648116d1fe9b", size = 9562321, upload-time = "2025-06-16T16:48:58.823Z" },
    { url = "https://files.pythonhosted.org/packages/28/e3/96964af4a75a949e67df4b95318fe2b7427ac8189bbc3ef28f92a1c5bc56/mypy-1.16.1-cp313-cp313-macosx_10_13_x86_64.whl", hash = "sha256:ddc91eb318c8751c69ddb200a5937f1232ee8efb4e64e9f4bc475a33719de438", size = 11063480, upload-time = "2025-06-16T16:47:56.205Z" },
    { url = "https://files.pythonhosted.org/packages/f5/4d/cd1a42b8e5be278fab7010fb289d9307a63e07153f0ae1510a3d7b703193/mypy-1.16.1-cp313-cp313-macosx_11_0_arm64.whl", hash = "sha256:87ff2c13d58bdc4bbe7dc0dedfe622c0f04e2cb2a492269f3b418df2de05c536", size = 10090538, upload-time = "2025-06-16T16:46:43.92Z" },
    { url = "https://files.pythonhosted.org/packages/c9/4f/c3c6b4b66374b5f68bab07c8cabd63a049ff69796b844bc759a0ca99bb2a/mypy-1.16.1-cp313-cp313-manylinux_2_17_aarch64.manylinux2014_aarch64.manylinux_2_28_aarch64.whl", hash = "sha256:0a7cfb0fe29fe5a9841b7c8ee6dffb52382c45acdf68f032145b75620acfbd6f", size = 11836839, upload-time = "2025-06-16T16:36:28.039Z" },
    { url = "https://files.pythonhosted.org/packages/b4/7e/81ca3b074021ad9775e5cb97ebe0089c0f13684b066a750b7dc208438403/mypy-1.16.1-cp313-cp313-manylinux_2_17_x86_64.manylinux2014_x86_64.manylinux_2_28_x86_64.whl", hash = "sha256:051e1677689c9d9578b9c7f4d206d763f9bbd95723cd1416fad50db49d52f359", size = 12715634, upload-time = "2025-06-16T16:50:34.441Z" },
    { url = "https://files.pythonhosted.org/packages/e9/95/bdd40c8be346fa4c70edb4081d727a54d0a05382d84966869738cfa8a497/mypy-1.16.1-cp313-cp313-musllinux_1_2_x86_64.whl", hash = "sha256:d5d2309511cc56c021b4b4e462907c2b12f669b2dbeb68300110ec27723971be", size = 12895584, upload-time = "2025-06-16T16:34:54.857Z" },
    { url = "https://files.pythonhosted.org/packages/5a/fd/d486a0827a1c597b3b48b1bdef47228a6e9ee8102ab8c28f944cb83b65dc/mypy-1.16.1-cp313-cp313-win_amd64.whl", hash = "sha256:4f58ac32771341e38a853c5d0ec0dfe27e18e27da9cdb8bbc882d2249c71a3ee", size = 9573886, upload-time = "2025-06-16T16:36:43.589Z" },
    { url = "https://files.pythonhosted.org/packages/cf/d3/53e684e78e07c1a2bf7105715e5edd09ce951fc3f47cf9ed095ec1b7a037/mypy-1.16.1-py3-none-any.whl", hash = "sha256:5fc2ac4027d0ef28d6ba69a0343737a23c4d1b83672bf38d1fe237bdc0643b37", size = 2265923, upload-time = "2025-06-16T16:48:02.366Z" },
]

[[package]]
name = "mypy-extensions"
version = "1.1.0"
source = { registry = "https://pypi.org/simple" }
sdist = { url = "https://files.pythonhosted.org/packages/a2/6e/371856a3fb9d31ca8dac321cda606860fa4548858c0cc45d9d1d4ca2628b/mypy_extensions-1.1.0.tar.gz", hash = "sha256:52e68efc3284861e772bbcd66823fde5ae21fd2fdb51c62a211403730b916558", size = 6343, upload-time = "2025-04-22T14:54:24.164Z" }
wheels = [
    { url = "https://files.pythonhosted.org/packages/79/7b/2c79738432f5c924bef5071f933bcc9efd0473bac3b4aa584a6f7c1c8df8/mypy_extensions-1.1.0-py3-none-any.whl", hash = "sha256:1be4cccdb0f2482337c4743e60421de3a356cd97508abadd57d47403e94f5505", size = 4963, upload-time = "2025-04-22T14:54:22.983Z" },
]

[[package]]
name = "pathspec"
version = "0.12.1"
source = { registry = "https://pypi.org/simple" }
sdist = { url = "https://files.pythonhosted.org/packages/ca/bc/f35b8446f4531a7cb215605d100cd88b7ac6f44ab3fc94870c120ab3adbf/pathspec-0.12.1.tar.gz", hash = "sha256:a482d51503a1ab33b1c67a6c3813a26953dbdc71c31dacaef9a838c4e29f5712", size = 51043, upload-time = "2023-12-10T22:30:45Z" }
wheels = [
    { url = "https://files.pythonhosted.org/packages/cc/20/ff623b09d963f88bfde16306a54e12ee5ea43e9b597108672ff3a408aad6/pathspec-0.12.1-py3-none-any.whl", hash = "sha256:a0d503e138a4c123b27490a4f7beda6a01c6f288df0e4a8b79c7eb0dc7b4cc08", size = 31191, upload-time = "2023-12-10T22:30:43.14Z" },
]

[[package]]
name = "ruff"
version = "0.12.3"
source = { registry = "https://pypi.org/simple" }
sdist = { url = "https://files.pythonhosted.org/packages/c3/2a/43955b530c49684d3c38fcda18c43caf91e99204c2a065552528e0552d4f/ruff-0.12.3.tar.gz", hash = "sha256:f1b5a4b6668fd7b7ea3697d8d98857390b40c1320a63a178eee6be0899ea2d77", size = 4459341, upload-time = "2025-07-11T13:21:16.086Z" }
wheels = [
    { url = "https://files.pythonhosted.org/packages/e2/fd/b44c5115539de0d598d75232a1cc7201430b6891808df111b8b0506aae43/ruff-0.12.3-py3-none-linux_armv6l.whl", hash = "sha256:47552138f7206454eaf0c4fe827e546e9ddac62c2a3d2585ca54d29a890137a2", size = 10430499, upload-time = "2025-07-11T13:20:26.321Z" },
    { url = "https://files.pythonhosted.org/packages/43/c5/9eba4f337970d7f639a37077be067e4ec80a2ad359e4cc6c5b56805cbc66/ruff-0.12.3-py3-none-macosx_10_12_x86_64.whl", hash = "sha256:0a9153b000c6fe169bb307f5bd1b691221c4286c133407b8827c406a55282041", size = 11213413, upload-time = "2025-07-11T13:20:30.017Z" },
    { url = "https://files.pythonhosted.org/packages/e2/2c/fac3016236cf1fe0bdc8e5de4f24c76ce53c6dd9b5f350d902549b7719b2/ruff-0.12.3-py3-none-macosx_11_0_arm64.whl", hash = "sha256:fa6b24600cf3b750e48ddb6057e901dd5b9aa426e316addb2a1af185a7509882", size = 10586941, upload-time = "2025-07-11T13:20:33.046Z" },
    { url = "https://files.pythonhosted.org/packages/c5/0f/41fec224e9dfa49a139f0b402ad6f5d53696ba1800e0f77b279d55210ca9/ruff-0.12.3-py3-none-manylinux_2_17_aarch64.manylinux2014_aarch64.whl", hash = "sha256:e2506961bf6ead54887ba3562604d69cb430f59b42133d36976421bc8bd45901", size = 10783001, upload-time = "2025-07-11T13:20:35.534Z" },
    { url = "https://files.pythonhosted.org/packages/0d/ca/dd64a9ce56d9ed6cad109606ac014860b1c217c883e93bf61536400ba107/ruff-0.12.3-py3-none-manylinux_2_17_armv7l.manylinux2014_armv7l.whl", hash = "sha256:c4faaff1f90cea9d3033cbbcdf1acf5d7fb11d8180758feb31337391691f3df0", size = 10269641, upload-time = "2025-07-11T13:20:38.459Z" },
    { url = "https://files.pythonhosted.org/packages/63/5c/2be545034c6bd5ce5bb740ced3e7014d7916f4c445974be11d2a406d5088/ruff-0.12.3-py3-none-manylinux_2_17_i686.manylinux2014_i686.whl", hash = "sha256:40dced4a79d7c264389de1c59467d5d5cefd79e7e06d1dfa2c75497b5269a5a6", size = 11875059, upload-time = "2025-07-11T13:20:41.517Z" },
    { url = "https://files.pythonhosted.org/packages/8e/d4/a74ef1e801ceb5855e9527dae105eaff136afcb9cc4d2056d44feb0e4792/ruff-0.12.3-py3-none-manylinux_2_17_ppc64.manylinux2014_ppc64.whl", hash = "sha256:0262d50ba2767ed0fe212aa7e62112a1dcbfd46b858c5bf7bbd11f326998bafc", size = 12658890, upload-time = "2025-07-11T13:20:44.442Z" },
    { url = "https://files.pythonhosted.org/packages/13/c8/1057916416de02e6d7c9bcd550868a49b72df94e3cca0aeb77457dcd9644/ruff-0.12.3-py3-none-manylinux_2_17_ppc64le.manylinux2014_ppc64le.whl", hash = "sha256:12371aec33e1a3758597c5c631bae9a5286f3c963bdfb4d17acdd2d395406687", size = 12232008, upload-time = "2025-07-11T13:20:47.374Z" },
    { url = "https://files.pythonhosted.org/packages/f5/59/4f7c130cc25220392051fadfe15f63ed70001487eca21d1796db46cbcc04/ruff-0.12.3-py3-none-manylinux_2_17_s390x.manylinux2014_s390x.whl", hash = "sha256:560f13b6baa49785665276c963edc363f8ad4b4fc910a883e2625bdb14a83a9e", size = 11499096, upload-time = "2025-07-11T13:20:50.348Z" },
    { url = "https://files.pythonhosted.org/packages/d4/01/a0ad24a5d2ed6be03a312e30d32d4e3904bfdbc1cdbe63c47be9d0e82c79/ruff-0.12.3-py3-none-manylinux_2_17_x86_64.manylinux2014_x86_64.whl", hash = "sha256:023040a3499f6f974ae9091bcdd0385dd9e9eb4942f231c23c57708147b06311", size = 11688307, upload-time = "2025-07-11T13:20:52.945Z" },
    { url = "https://files.pythonhosted.org/packages/93/72/08f9e826085b1f57c9a0226e48acb27643ff19b61516a34c6cab9d6ff3fa/ruff-0.12.3-py3-none-musllinux_1_2_aarch64.whl", hash = "sha256:883d844967bffff5ab28bba1a4d246c1a1b2933f48cb9840f3fdc5111c603b07", size = 10661020, upload-time = "2025-07-11T13:20:55.799Z" },
    { url = "https://files.pythonhosted.org/packages/80/a0/68da1250d12893466c78e54b4a0ff381370a33d848804bb51279367fc688/ruff-0.12.3-py3-none-musllinux_1_2_armv7l.whl", hash = "sha256:2120d3aa855ff385e0e562fdee14d564c9675edbe41625c87eeab744a7830d12", size = 10246300, upload-time = "2025-07-11T13:20:58.222Z" },
    { url = "https://files.pythonhosted.org/packages/6a/22/5f0093d556403e04b6fd0984fc0fb32fbb6f6ce116828fd54306a946f444/ruff-0.12.3-py3-none-musllinux_1_2_i686.whl", hash = "sha256:6b16647cbb470eaf4750d27dddc6ebf7758b918887b56d39e9c22cce2049082b", size = 11263119, upload-time = "2025-07-11T13:21:01.503Z" },
    { url = "https://files.pythonhosted.org/packages/92/c9/f4c0b69bdaffb9968ba40dd5fa7df354ae0c73d01f988601d8fac0c639b1/ruff-0.12.3-py3-none-musllinux_1_2_x86_64.whl", hash = "sha256:e1417051edb436230023575b149e8ff843a324557fe0a265863b7602df86722f", size = 11746990, upload-time = "2025-07-11T13:21:04.524Z" },
    { url = "https://files.pythonhosted.org/packages/fe/84/7cc7bd73924ee6be4724be0db5414a4a2ed82d06b30827342315a1be9e9c/ruff-0.12.3-py3-none-win32.whl", hash = "sha256:dfd45e6e926deb6409d0616078a666ebce93e55e07f0fb0228d4b2608b2c248d", size = 10589263, upload-time = "2025-07-11T13:21:07.148Z" },
    { url = "https://files.pythonhosted.org/packages/07/87/c070f5f027bd81f3efee7d14cb4d84067ecf67a3a8efb43aadfc72aa79a6/ruff-0.12.3-py3-none-win_amd64.whl", hash = "sha256:a946cf1e7ba3209bdef039eb97647f1c77f6f540e5845ec9c114d3af8df873e7", size = 11695072, upload-time = "2025-07-11T13:21:11.004Z" },
    { url = "https://files.pythonhosted.org/packages/e0/30/f3eaf6563c637b6e66238ed6535f6775480db973c836336e4122161986fc/ruff-0.12.3-py3-none-win_arm64.whl", hash = "sha256:5f9c7c9c8f84c2d7f27e93674d27136fbf489720251544c4da7fb3d742e011b1", size = 10805855, upload-time = "2025-07-11T13:21:13.547Z" },
]

[[package]]
name = "typing-extensions"
version = "4.14.1"
source = { registry = "https://pypi.org/simple" }
sdist = { url = "https://files.pythonhosted.org/packages/98/5a/da40306b885cc8c09109dc2e1abd358d5684b1425678151cdaed4731c822/typing_extensions-4.14.1.tar.gz", hash = "sha256:38b39f4aeeab64884ce9f74c94263ef78f3c22467c8724005483154c26648d36", size = 107673, upload-time = "2025-07-04T13:28:34.16Z" }
wheels = [
    { url = "https://files.pythonhosted.org/packages/b5/00/d631e67a838026495268c2f6884f3711a15a9a2a96cd244fdaea53b823fb/typing_extensions-4.14.1-py3-none-any.whl", hash = "sha256:d1e1e3b58374dc93031d6eda2420a48ea44a36c2b4766a4fdeb3710755731d76", size = 43906, upload-time = "2025-07-04T13:28:32.743Z" },
]
